{
	"name": "jsjiemi",
	"version": "2.16.0",
	"lockfileVersion": 2,
	"requires": true,
	"packages": {
		"": {
			"name": "jsjiemi",
			"version": "2.16.0",
			"license": "AGPL-3.0",
			"optionalDependencies": {
				"vm2": "^3.9.19"
			}
		},
		"node_modules/acorn": {
			"version": "8.7.1",
			"license": "MIT",
			"optional": true,
			"bin": {
				"acorn": "bin/acorn"
			},
			"engines": {
				"node": ">=0.4.0"
			}
		},
		"node_modules/acorn-walk": {
			"version": "8.2.0",
			"license": "MIT",
			"optional": true,
			"engines": {
				"node": ">=0.4.0"
			}
		},
		"node_modules/vm2": {
			"version": "3.9.19",
			"resolved": "https://registry.npmjs.org/vm2/-/vm2-3.9.19.tgz",
			"integrity": "sha512-J637XF0DHDMV57R6JyVsTak7nIL8gy5KH4r1HiwWLf/4GBbb5MKL5y7LpmF4A8E2nR6XmzpmMFQ7V7ppPTmUQg==",
			"optional": true,
			"dependencies": {
				"acorn": "^8.7.0",
				"acorn-walk": "^8.2.0"
			},
			"bin": {
				"vm2": "bin/vm2"
			},
			"engines": {
				"node": ">=6.0"
			}
		}
	},
	"dependencies": {
		"acorn": {
			"version": "8.7.1",
			"optional": true
		},
		"acorn-walk": {
			"version": "8.2.0",
			"optional": true
		},
		"vm2": {
			"version": "3.9.19",
			"resolved": "https://registry.npmjs.org/vm2/-/vm2-3.9.19.tgz",
			"integrity": "sha512-J637XF0DHDMV57R6JyVsTak7nIL8gy5KH4r1HiwWLf/4GBbb5MKL5y7LpmF4A8E2nR6XmzpmMFQ7V7ppPTmUQg==",
			"optional": true,
			"requires": {
				"acorn": "^8.7.0",
				"acorn-walk": "^8.2.0"
			}
		}
	}
}
