{
	"name": "jsjiemi",
	"version": "2.14.0",
	"lockfileVersion": 2,
	"requires": true,
	"packages": {
		"": {
			"name": "jsjiemi",
			"version": "2.14.0",
			"license": "AGPL-3.0",
			"optionalDependencies": {
				"vm2": "^3.9.13"
			}
		},
		"node_modules/acorn": {
			"version": "8.7.1",
			"license": "MIT",
			"optional": true,
			"bin": {
				"acorn": "bin/acorn"
			},
			"engines": {
				"node": ">=0.4.0"
			}
		},
		"node_modules/acorn-walk": {
			"version": "8.2.0",
			"license": "MIT",
			"optional": true,
			"engines": {
				"node": ">=0.4.0"
			}
		},
		"node_modules/vm2": {
			"version": "3.9.13",
			"resolved": "https://registry.npmmirror.com/vm2/-/vm2-3.9.13.tgz",
			"integrity": "sha512-0rvxpB8P8Shm4wX2EKOiMp7H2zq+HUE/UwodY0pCZXs9IffIKZq6vUti5OgkVCTakKo9e/fgO4X1fkwfjWxE3Q==",
			"optional": true,
			"dependencies": {
				"acorn": "^8.7.0",
				"acorn-walk": "^8.2.0"
			},
			"bin": {
				"vm2": "bin/vm2"
			},
			"engines": {
				"node": ">=6.0"
			}
		}
	},
	"dependencies": {
		"acorn": {
			"version": "8.7.1",
			"optional": true
		},
		"acorn-walk": {
			"version": "8.2.0",
			"optional": true
		},
		"vm2": {
			"version": "3.9.13",
			"resolved": "https://registry.npmmirror.com/vm2/-/vm2-3.9.13.tgz",
			"integrity": "sha512-0rvxpB8P8Shm4wX2EKOiMp7H2zq+HUE/UwodY0pCZXs9IffIKZq6vUti5OgkVCTakKo9e/fgO4X1fkwfjWxE3Q==",
			"optional": true,
			"requires": {
				"acorn": "^8.7.0",
				"acorn-walk": "^8.2.0"
			}
		}
	}
}
